{
  "name": "test-project",
  "version": "1.0.0",
  "lockfileVersion": 3,
  "requires": true,
  "packages": {
    "": {
      "name": "test-project",
      "version": "1.0.0",
      "license": "ISC",
      "dependencies": {
        "prologscript": "file:../prologscript-1.0.0.tgz"
      }
    },
    "node_modules/esprima": {
      "version": "4.0.1",
      "resolved": "https://registry.npmjs.org/esprima/-/esprima-4.0.1.tgz",
      "integrity": "sha512-eGuFFw7Upda+g4p+QHvnW0RyTX/SVeJBDM/gCtMARO0cLuT2HcEKnTPvhjV6aGeqrCB/sbNop0Kszm0jsaWU4A==",
      "bin": {
        "esparse": "bin/esparse.js",
        "esvalidate": "bin/esvalidate.js"
      },
      "engines": {
        "node": ">=4"
      }
    },
    "node_modules/prologscript": {
      "version": "1.0.0",
      "resolved": "file:../prologscript-1.0.0.tgz",
      "integrity": "sha512-N0Gx8LHpIU9u4cP+DzEnpQA+OU+W9oSw63g2n9+wo42LoP8bolBRc4XHSoCiKj1cf4ikE69T2SUAz6HJb2NiMg==",
      "license": "MIT",
      "dependencies": {
        "esprima": "^4.0.1"
      }
    }
  }
}
